
Microsoft Visual Studio Solution File, Format Version 12.00
# Visual Studio Version 17
VisualStudioVersion = 17.5.33312.197
MinimumVisualStudioVersion = 10.0.40219.1
Project("{9A19103F-16F7-4668-BE54-9A1E7A4F7556}") = "congestion-tax-calculator-net-core", "congestion-tax-calculator-net-core.csproj", "{A9E8CBDB-27F5-4505-9675-B852A7D54443}"
EndProject
Project("{FAE04EC0-301F-11D3-BF4B-00C04F79EFBC}") = "Main", "..\Main\Main.csproj", "{1922638D-EAED-4CC3-8443-E7BA46E48822}"
EndProject
Global
	GlobalSection(SolutionConfigurationPlatforms) = preSolution
		Debug|Any CPU = Debug|Any CPU
		Release|Any CPU = Release|Any CPU
	EndGlobalSection
	GlobalSection(ProjectConfigurationPlatforms) = postSolution
		{A9E8CBDB-27F5-4505-9675-B852A7D54443}.Debug|Any CPU.ActiveCfg = Debug|Any CPU
		{A9E8CBDB-27F5-4505-9675-B852A7D54443}.Debug|Any CPU.Build.0 = Debug|Any CPU
		{A9E8CBDB-27F5-4505-9675-B852A7D54443}.Release|Any CPU.ActiveCfg = Release|Any CPU
		{A9E8CBDB-27F5-4505-9675-B852A7D54443}.Release|Any CPU.Build.0 = Release|Any CPU
		{1922638D-EAED-4CC3-8443-E7BA46E48822}.Debug|Any CPU.ActiveCfg = Debug|Any CPU
		{1922638D-EAED-4CC3-8443-E7BA46E48822}.Debug|Any CPU.Build.0 = Debug|Any CPU
		{1922638D-EAED-4CC3-8443-E7BA46E48822}.Release|Any CPU.ActiveCfg = Release|Any CPU
		{1922638D-EAED-4CC3-8443-E7BA46E48822}.Release|Any CPU.Build.0 = Release|Any CPU
	EndGlobalSection
	GlobalSection(SolutionProperties) = preSolution
		HideSolutionNode = FALSE
	EndGlobalSection
	GlobalSection(ExtensibilityGlobals) = postSolution
		SolutionGuid = {22034C86-0414-4E37-822A-94EC2F5936E2}
	EndGlobalSection
EndGlobal
